NeoBundleLock CSApprox a2958096696f9132ef0ece44b3fab93dac6df8d0
NeoBundleLock HTML-AutoCloseTag c2f6f59cf5c08dd487ef361f93ba09317a840e25
NeoBundleLock auto-pairs 5979999a17c7330abfe1d73fd3c8d72f09d77334
NeoBundleLock ctrlp-py-matcher 8a803267a741cff3d6147650745f83c8f2125578
NeoBundleLock ctrlp.vim d00960b4f34bc45b5f88d9363a768bcce5ac3933
NeoBundleLock emmet-vim 0ccaa29dbde268888be21705b0de5de89b59ef48
NeoBundleLock grep.vim 852ddb0c6590bbc41c508d7f5d2fc17112492def
NeoBundleLock indentLine 2a2617310b0fb4c0daf02be2ba465fada257f2d0
NeoBundleLock molokai c67bdfcdb31415aa0ade7f8c003261700a885476
NeoBundleLock neobundle.vim a240bb2f40437ea87254df3c2745523d3f27cfcf
NeoBundleLock nerdtree 4ebbb533c3faf2c480211db2b547972bb3b60f2b
NeoBundleLock syntastic d9814c5233931bb111fcae7cdc623a9f29495e5d
NeoBundleLock tagbar 7b36c46d17d57db34fdb0adac9ba6382d0bb5e66
NeoBundleLock ultisnips 78614503098571ecdb09f79bc9543aacdb0e41c0
NeoBundleLock vim-airline 1bb8b6278e901cbc282535cabb1f6e17f8059e2a
NeoBundleLock vim-airline-themes a59cea9cae61654d7ba98ef100e3e8883c4b4022
NeoBundleLock vim-bootstrap-updater 0a1ad97c89e2b5579f67568e8737c269b96f9e27
NeoBundleLock vim-coloresque 0c21b1469993e610600e88e734ffe90b9c10a514
NeoBundleLock vim-commentary 73e0d9a9d1f51b6cc9dc965f62669194ae851cb1
NeoBundleLock vim-css3-syntax 69129fdb5af4112b11807f5ec20f990d38cc9f69
NeoBundleLock vim-fugitive 841adb49add27ccc45e73e231d02103f1be987c4
NeoBundleLock vim-gitgutter 78d83c7056e1973ed4cbf9b5b3f09263a3dbf968
NeoBundleLock vim-haml 1f2e47c78c2faf90ff419c2f4e1241094844678c
NeoBundleLock vim-javascript-syntax 9e019fccd738ba73713268a327ac3765646a4edd
NeoBundleLock vim-misc 3e6b8fb6f03f13434543ce1f5d24f6a5d3f34f0b
NeoBundleLock vim-nerdtree-tabs 0decec122e9bb3e9328b01fa20a9650e79cc6ca7
NeoBundleLock vim-php-namespace e4b4295afda292f501024a433a83c49a7b95b439
NeoBundleLock vim-polyglot b0823d20685d0c03e70de3abfc85d79a8188d292
NeoBundleLock vim-projectionist 372d529d22ac6d2952472438157ee03b7a3fd8ae
NeoBundleLock vim-rails b131dc94bb4f9f1a620ed2e7f1a8a2f497df5661
NeoBundleLock vim-rake 82ad45543f0d13dfa7d3f59ca4cd54d0e145417f
NeoBundleLock vim-rspec 2cf8c5002cb89eb8e9aabe59d25b89dc5afec88a
NeoBundleLock vim-ruby-refactoring 6447a4debc3263a0fa99feeab5548edf27ecf045
NeoBundleLock vim-session 9e9a6088f0554f6940c19889d0b2a8f39d13f2bb
NeoBundleLock vim-snippets ee4a8e936e9a2b50e2339df07f9d699d21ca3d1a
NeoBundleLock vim-trailing-whitespace 733fb64337b6da4a51c85a43450cd620d8b617b5
NeoBundleLock vimproc.vim b05d30228ecb97acc2b398cca34b230092722268
NeoBundleLock vimshell.vim bdcd197b701734a743903c7547e9f56842701614
